// !$*UTF8*$!
{
	archiveVersion = 1;
	classes = {
	};
	objectVersion = 46;
	objects = {

/* Begin PBXBuildFile section */
		E109ECFE1E519181000E384A /* AppDelegate.swift in Sources */ = {isa = PBXBuildFile; fileRef = E109ECFD1E519181000E384A /* AppDelegate.swift */; };
		E109ED021E519181000E384A /* Actions.sks in Resources */ = {isa = PBXBuildFile; fileRef = E109ED011E519181000E384A /* Actions.sks */; };
		E109ED061E519181000E384A /* GameViewController.swift in Sources */ = {isa = PBXBuildFile; fileRef = E109ED051E519181000E384A /* GameViewController.swift */; };
		E109ED091E519181000E384A /* Main.storyboard in Resources */ = {isa = PBXBuildFile; fileRef = E109ED071E519181000E384A /* Main.storyboard */; };
		E109ED0B1E519181000E384A /* Assets.xcassets in Resources */ = {isa = PBXBuildFile; fileRef = E109ED0A1E519181000E384A /* Assets.xcassets */; };
		E109ED0E1E519181000E384A /* LaunchScreen.storyboard in Resources */ = {isa = PBXBuildFile; fileRef = E109ED0C1E519181000E384A /* LaunchScreen.storyboard */; };
		E109EDC91E525B1E000E384A /* GameplayScene.sks in Resources */ = {isa = PBXBuildFile; fileRef = E109EDC81E525B1E000E384A /* GameplayScene.sks */; };
		E109EDCD1E525F5D000E384A /* GameplayScene.swift in Sources */ = {isa = PBXBuildFile; fileRef = E109EDCC1E525F5D000E384A /* GameplayScene.swift */; };
		E109EDD01E52D68C000E384A /* Player.swift in Sources */ = {isa = PBXBuildFile; fileRef = E109EDCF1E52D68C000E384A /* Player.swift */; };
		E109EE061E52DBAE000E384A /* Pause Menu.png in Resources */ = {isa = PBXBuildFile; fileRef = E109EDD21E52DBAE000E384A /* Pause Menu.png */; };
		E109EE071E52DBAE000E384A /* Quit Button 2.png in Resources */ = {isa = PBXBuildFile; fileRef = E109EDD31E52DBAE000E384A /* Quit Button 2.png */; };
		E109EE081E52DBAE000E384A /* Resume Button.png in Resources */ = {isa = PBXBuildFile; fileRef = E109EDD41E52DBAE000E384A /* Resume Button.png */; };
		E109EE091E52DBAE000E384A /* Show Score.png in Resources */ = {isa = PBXBuildFile; fileRef = E109EDD51E52DBAE000E384A /* Show Score.png */; };
		E109EE0A1E52DBAE000E384A /* Coin.png in Resources */ = {isa = PBXBuildFile; fileRef = E109EDD71E52DBAE000E384A /* Coin.png */; };
		E109EE0B1E52DBAE000E384A /* Life.png in Resources */ = {isa = PBXBuildFile; fileRef = E109EDD81E52DBAE000E384A /* Life.png */; };
		E109EE0C1E52DBAE000E384A /* Player.atlas in Resources */ = {isa = PBXBuildFile; fileRef = E109EDD91E52DBAE000E384A /* Player.atlas */; };
		E109EE0D1E52DBAE000E384A /* Player 1.png in Resources */ = {isa = PBXBuildFile; fileRef = E109EDDB1E52DBAE000E384A /* Player 1.png */; };
		E109EE0E1E52DBAE000E384A /* Player 2.png in Resources */ = {isa = PBXBuildFile; fileRef = E109EDDC1E52DBAE000E384A /* Player 2.png */; };
		E109EE0F1E52DBAE000E384A /* Player 3.png in Resources */ = {isa = PBXBuildFile; fileRef = E109EDDD1E52DBAE000E384A /* Player 3.png */; };
		E109EE101E52DBAE000E384A /* Player 4.png in Resources */ = {isa = PBXBuildFile; fileRef = E109EDDE1E52DBAE000E384A /* Player 4.png */; };
		E109EE111E52DBAE000E384A /* Player 5.png in Resources */ = {isa = PBXBuildFile; fileRef = E109EDDF1E52DBAE000E384A /* Player 5.png */; };
		E109EE121E52DBAE000E384A /* Player 6.png in Resources */ = {isa = PBXBuildFile; fileRef = E109EDE01E52DBAE000E384A /* Player 6.png */; };
		E109EE131E52DBAE000E384A /* Player 7.png in Resources */ = {isa = PBXBuildFile; fileRef = E109EDE11E52DBAE000E384A /* Player 7.png */; };
		E109EE141E52DBAE000E384A /* Player 8.png in Resources */ = {isa = PBXBuildFile; fileRef = E109EDE21E52DBAE000E384A /* Player 8.png */; };
		E109EE151E52DBAE000E384A /* Cloud 1.png in Resources */ = {isa = PBXBuildFile; fileRef = E109EDE41E52DBAE000E384A /* Cloud 1.png */; };
		E109EE161E52DBAE000E384A /* Cloud 2.png in Resources */ = {isa = PBXBuildFile; fileRef = E109EDE51E52DBAE000E384A /* Cloud 2.png */; };
		E109EE171E52DBAE000E384A /* Cloud 3.png in Resources */ = {isa = PBXBuildFile; fileRef = E109EDE61E52DBAE000E384A /* Cloud 3.png */; };
		E109EE181E52DBAE000E384A /* Dark Cloud.png in Resources */ = {isa = PBXBuildFile; fileRef = E109EDE71E52DBAE000E384A /* Dark Cloud.png */; };
		E109EE191E52DBAE000E384A /* blow.ttf in Resources */ = {isa = PBXBuildFile; fileRef = E109EDE91E52DBAE000E384A /* blow.ttf */; };
		E109EE1A1E52DBAE000E384A /* Background music.mp3 in Resources */ = {isa = PBXBuildFile; fileRef = E109EDEB1E52DBAE000E384A /* Background music.mp3 */; };
		E109EE1B1E52DBAE000E384A /* Click Sound.wav in Resources */ = {isa = PBXBuildFile; fileRef = E109EDEC1E52DBAE000E384A /* Click Sound.wav */; };
		E109EE1C1E52DBAE000E384A /* Coin Sound.wav in Resources */ = {isa = PBXBuildFile; fileRef = E109EDED1E52DBAE000E384A /* Coin Sound.wav */; };
		E109EE1D1E52DBAE000E384A /* Life Sound.wav in Resources */ = {isa = PBXBuildFile; fileRef = E109EDEE1E52DBAE000E384A /* Life Sound.wav */; };
		E109EE1E1E52DBAE000E384A /* Game BG.png in Resources */ = {isa = PBXBuildFile; fileRef = E109EDF01E52DBAE000E384A /* Game BG.png */; };
		E109EE1F1E52DBAE000E384A /* Highscore BG.png in Resources */ = {isa = PBXBuildFile; fileRef = E109EDF11E52DBAE000E384A /* Highscore BG.png */; };
		E109EE201E52DBAE000E384A /* Menu BG.png in Resources */ = {isa = PBXBuildFile; fileRef = E109EDF21E52DBAE000E384A /* Menu BG.png */; };
		E109EE211E52DBAE000E384A /* Options BG.png in Resources */ = {isa = PBXBuildFile; fileRef = E109EDF31E52DBAE000E384A /* Options BG.png */; };
		E109EE221E52DBAE000E384A /* Pause Button.png in Resources */ = {isa = PBXBuildFile; fileRef = E109EDF61E52DBAE000E384A /* Pause Button.png */; };
		E109EE231E52DBAE000E384A /* Ready.png in Resources */ = {isa = PBXBuildFile; fileRef = E109EDF71E52DBAE000E384A /* Ready.png */; };
		E109EE241E52DBAE000E384A /* Score.png in Resources */ = {isa = PBXBuildFile; fileRef = E109EDF81E52DBAE000E384A /* Score.png */; };
		E109EE251E52DBAE000E384A /* Back Button.png in Resources */ = {isa = PBXBuildFile; fileRef = E109EDFA1E52DBAE000E384A /* Back Button.png */; };
		E109EE261E52DBAE000E384A /* Check Sign.png in Resources */ = {isa = PBXBuildFile; fileRef = E109EDFB1E52DBAE000E384A /* Check Sign.png */; };
		E109EE271E52DBAE000E384A /* Easy Button.png in Resources */ = {isa = PBXBuildFile; fileRef = E109EDFC1E52DBAE000E384A /* Easy Button.png */; };
		E109EE281E52DBAE000E384A /* Hard Button.png in Resources */ = {isa = PBXBuildFile; fileRef = E109EDFD1E52DBAE000E384A /* Hard Button.png */; };
		E109EE291E52DBAE000E384A /* Medium Button.png in Resources */ = {isa = PBXBuildFile; fileRef = E109EDFE1E52DBAE000E384A /* Medium Button.png */; };
		E109EE2A1E52DBAE000E384A /* Highscore Button.png in Resources */ = {isa = PBXBuildFile; fileRef = E109EE001E52DBAE000E384A /* Highscore Button.png */; };
		E109EE2B1E52DBAE000E384A /* Music Off Button.png in Resources */ = {isa = PBXBuildFile; fileRef = E109EE011E52DBAE000E384A /* Music Off Button.png */; };
		E109EE2C1E52DBAE000E384A /* Music On Button.png in Resources */ = {isa = PBXBuildFile; fileRef = E109EE021E52DBAE000E384A /* Music On Button.png */; };
		E109EE2D1E52DBAE000E384A /* Options Button.png in Resources */ = {isa = PBXBuildFile; fileRef = E109EE031E52DBAE000E384A /* Options Button.png */; };
		E109EE2E1E52DBAE000E384A /* Quit Button.png in Resources */ = {isa = PBXBuildFile; fileRef = E109EE041E52DBAE000E384A /* Quit Button.png */; };
		E109EE2F1E52DBAE000E384A /* Start Game Button.png in Resources */ = {isa = PBXBuildFile; fileRef = E109EE051E52DBAE000E384A /* Start Game Button.png */; };
		E109EE311E52DEB0000E384A /* Player.atlas in Resources */ = {isa = PBXBuildFile; fileRef = E109EE301E52DEB0000E384A /* Player.atlas */; };
		E11BDE1A1F0CEFB600427132 /* GameplayController.swift in Sources */ = {isa = PBXBuildFile; fileRef = E11BDE191F0CEFB600427132 /* GameplayController.swift */; };
		E11BDE1C1F0CF43300427132 /* GameManager.swift in Sources */ = {isa = PBXBuildFile; fileRef = E11BDE1B1F0CF43300427132 /* GameManager.swift */; };
		E11BDE1E1F0D9EBD00427132 /* CollectableController.swift in Sources */ = {isa = PBXBuildFile; fileRef = E11BDE1D1F0D9EBD00427132 /* CollectableController.swift */; };
		E149A53E1F038F4400CF8FA1 /* MainMenuScene.sks in Resources */ = {isa = PBXBuildFile; fileRef = E149A53D1F038F4400CF8FA1 /* MainMenuScene.sks */; };
		E149A5401F03B54A00CF8FA1 /* MainMenuScene.swift in Sources */ = {isa = PBXBuildFile; fileRef = E149A53F1F03B54A00CF8FA1 /* MainMenuScene.swift */; };
		E149A5431F03B97E00CF8FA1 /* HighScoreScene.sks in Resources */ = {isa = PBXBuildFile; fileRef = E149A5421F03B97E00CF8FA1 /* HighScoreScene.sks */; };
		E149A5451F03BC9F00CF8FA1 /* OptionScene.sks in Resources */ = {isa = PBXBuildFile; fileRef = E149A5441F03BC9F00CF8FA1 /* OptionScene.sks */; };
		E149A5471F045F4D00CF8FA1 /* HighScoreScene.swift in Sources */ = {isa = PBXBuildFile; fileRef = E149A5461F045F4D00CF8FA1 /* HighScoreScene.swift */; };
		E149A5491F045F7D00CF8FA1 /* OptionScene.swift in Sources */ = {isa = PBXBuildFile; fileRef = E149A5481F045F7D00CF8FA1 /* OptionScene.swift */; };
		E14F93711F17642800942EE6 /* GameData.swift in Sources */ = {isa = PBXBuildFile; fileRef = E14F93701F17642800942EE6 /* GameData.swift */; };
		E1C568B11E65551D005E332A /* Background.swift in Sources */ = {isa = PBXBuildFile; fileRef = E1C568B01E65551D005E332A /* Background.swift */; };
		E1C568B31E655AB1005E332A /* CloudController.swift in Sources */ = {isa = PBXBuildFile; fileRef = E1C568B21E655AB1005E332A /* CloudController.swift */; };
/* End PBXBuildFile section */

/* Begin PBXFileReference section */
		E109ECFA1E519181000E384A /* Jack The Giant.app */ = {isa = PBXFileReference; explicitFileType = wrapper.application; includeInIndex = 0; path = "Jack The Giant.app"; sourceTree = BUILT_PRODUCTS_DIR; };
		E109ECFD1E519181000E384A /* AppDelegate.swift */ = {isa = PBXFileReference; lastKnownFileType = sourcecode.swift; path = AppDelegate.swift; sourceTree = "<group>"; };
		E109ED011E519181000E384A /* Actions.sks */ = {isa = PBXFileReference; lastKnownFileType = file.sks; path = Actions.sks; sourceTree = "<group>"; };
		E109ED051E519181000E384A /* GameViewController.swift */ = {isa = PBXFileReference; lastKnownFileType = sourcecode.swift; name = GameViewController.swift; path = "Jack The Giant/GameViewController.swift"; sourceTree = "<group>"; };
		E109ED081E519181000E384A /* Base */ = {isa = PBXFileReference; lastKnownFileType = file.storyboard; name = Base; path = Base.lproj/Main.storyboard; sourceTree = "<group>"; };
		E109ED0A1E519181000E384A /* Assets.xcassets */ = {isa = PBXFileReference; lastKnownFileType = folder.assetcatalog; path = Assets.xcassets; sourceTree = "<group>"; };
		E109ED0D1E519181000E384A /* Base */ = {isa = PBXFileReference; lastKnownFileType = file.storyboard; name = Base; path = Base.lproj/LaunchScreen.storyboard; sourceTree = "<group>"; };
		E109ED0F1E519181000E384A /* Info.plist */ = {isa = PBXFileReference; lastKnownFileType = text.plist.xml; path = Info.plist; sourceTree = "<group>"; };
		E109EDC81E525B1E000E384A /* GameplayScene.sks */ = {isa = PBXFileReference; lastKnownFileType = file.sks; path = GameplayScene.sks; sourceTree = "<group>"; };
		E109EDCC1E525F5D000E384A /* GameplayScene.swift */ = {isa = PBXFileReference; fileEncoding = 4; lastKnownFileType = sourcecode.swift; path = GameplayScene.swift; sourceTree = "<group>"; };
		E109EDCF1E52D68C000E384A /* Player.swift */ = {isa = PBXFileReference; fileEncoding = 4; lastKnownFileType = sourcecode.swift; path = Player.swift; sourceTree = "<group>"; };
		E109EDD21E52DBAE000E384A /* Pause Menu.png */ = {isa = PBXFileReference; lastKnownFileType = image.png; path = "Pause Menu.png"; sourceTree = "<group>"; };
		E109EDD31E52DBAE000E384A /* Quit Button 2.png */ = {isa = PBXFileReference; lastKnownFileType = image.png; path = "Quit Button 2.png"; sourceTree = "<group>"; };
		E109EDD41E52DBAE000E384A /* Resume Button.png */ = {isa = PBXFileReference; lastKnownFileType = image.png; path = "Resume Button.png"; sourceTree = "<group>"; };
		E109EDD51E52DBAE000E384A /* Show Score.png */ = {isa = PBXFileReference; lastKnownFileType = image.png; path = "Show Score.png"; sourceTree = "<group>"; };
		E109EDD71E52DBAE000E384A /* Coin.png */ = {isa = PBXFileReference; lastKnownFileType = image.png; path = Coin.png; sourceTree = "<group>"; };
		E109EDD81E52DBAE000E384A /* Life.png */ = {isa = PBXFileReference; lastKnownFileType = image.png; path = Life.png; sourceTree = "<group>"; };
		E109EDD91E52DBAE000E384A /* Player.atlas */ = {isa = PBXFileReference; lastKnownFileType = folder.skatlas; path = Player.atlas; sourceTree = "<group>"; };
		E109EDDB1E52DBAE000E384A /* Player 1.png */ = {isa = PBXFileReference; lastKnownFileType = image.png; path = "Player 1.png"; sourceTree = "<group>"; };
		E109EDDC1E52DBAE000E384A /* Player 2.png */ = {isa = PBXFileReference; lastKnownFileType = image.png; path = "Player 2.png"; sourceTree = "<group>"; };
		E109EDDD1E52DBAE000E384A /* Player 3.png */ = {isa = PBXFileReference; lastKnownFileType = image.png; path = "Player 3.png"; sourceTree = "<group>"; };
		E109EDDE1E52DBAE000E384A /* Player 4.png */ = {isa = PBXFileReference; lastKnownFileType = image.png; path = "Player 4.png"; sourceTree = "<group>"; };
		E109EDDF1E52DBAE000E384A /* Player 5.png */ = {isa = PBXFileReference; lastKnownFileType = image.png; path = "Player 5.png"; sourceTree = "<group>"; };
		E109EDE01E52DBAE000E384A /* Player 6.png */ = {isa = PBXFileReference; lastKnownFileType = image.png; path = "Player 6.png"; sourceTree = "<group>"; };
		E109EDE11E52DBAE000E384A /* Player 7.png */ = {isa = PBXFileReference; lastKnownFileType = image.png; path = "Player 7.png"; sourceTree = "<group>"; };
		E109EDE21E52DBAE000E384A /* Player 8.png */ = {isa = PBXFileReference; lastKnownFileType = image.png; path = "Player 8.png"; sourceTree = "<group>"; };
		E109EDE41E52DBAE000E384A /* Cloud 1.png */ = {isa = PBXFileReference; lastKnownFileType = image.png; path = "Cloud 1.png"; sourceTree = "<group>"; };
		E109EDE51E52DBAE000E384A /* Cloud 2.png */ = {isa = PBXFileReference; lastKnownFileType = image.png; path = "Cloud 2.png"; sourceTree = "<group>"; };
		E109EDE61E52DBAE000E384A /* Cloud 3.png */ = {isa = PBXFileReference; lastKnownFileType = image.png; path = "Cloud 3.png"; sourceTree = "<group>"; };
		E109EDE71E52DBAE000E384A /* Dark Cloud.png */ = {isa = PBXFileReference; lastKnownFileType = image.png; path = "Dark Cloud.png"; sourceTree = "<group>"; };
		E109EDE91E52DBAE000E384A /* blow.ttf */ = {isa = PBXFileReference; lastKnownFileType = file; path = blow.ttf; sourceTree = "<group>"; };
		E109EDEB1E52DBAE000E384A /* Background music.mp3 */ = {isa = PBXFileReference; lastKnownFileType = audio.mp3; path = "Background music.mp3"; sourceTree = "<group>"; };
		E109EDEC1E52DBAE000E384A /* Click Sound.wav */ = {isa = PBXFileReference; lastKnownFileType = audio.wav; path = "Click Sound.wav"; sourceTree = "<group>"; };
		E109EDED1E52DBAE000E384A /* Coin Sound.wav */ = {isa = PBXFileReference; lastKnownFileType = audio.wav; path = "Coin Sound.wav"; sourceTree = "<group>"; };
		E109EDEE1E52DBAE000E384A /* Life Sound.wav */ = {isa = PBXFileReference; lastKnownFileType = audio.wav; path = "Life Sound.wav"; sourceTree = "<group>"; };
		E109EDF01E52DBAE000E384A /* Game BG.png */ = {isa = PBXFileReference; lastKnownFileType = image.png; path = "Game BG.png"; sourceTree = "<group>"; };
		E109EDF11E52DBAE000E384A /* Highscore BG.png */ = {isa = PBXFileReference; lastKnownFileType = image.png; path = "Highscore BG.png"; sourceTree = "<group>"; };
		E109EDF21E52DBAE000E384A /* Menu BG.png */ = {isa = PBXFileReference; lastKnownFileType = image.png; path = "Menu BG.png"; sourceTree = "<group>"; };
		E109EDF31E52DBAE000E384A /* Options BG.png */ = {isa = PBXFileReference; lastKnownFileType = image.png; path = "Options BG.png"; sourceTree = "<group>"; };
		E109EDF61E52DBAE000E384A /* Pause Button.png */ = {isa = PBXFileReference; lastKnownFileType = image.png; path = "Pause Button.png"; sourceTree = "<group>"; };
		E109EDF71E52DBAE000E384A /* Ready.png */ = {isa = PBXFileReference; lastKnownFileType = image.png; path = Ready.png; sourceTree = "<group>"; };
		E109EDF81E52DBAE000E384A /* Score.png */ = {isa = PBXFileReference; lastKnownFileType = image.png; path = Score.png; sourceTree = "<group>"; };
		E109EDFA1E52DBAE000E384A /* Back Button.png */ = {isa = PBXFileReference; lastKnownFileType = image.png; path = "Back Button.png"; sourceTree = "<group>"; };
		E109EDFB1E52DBAE000E384A /* Check Sign.png */ = {isa = PBXFileReference; lastKnownFileType = image.png; path = "Check Sign.png"; sourceTree = "<group>"; };
		E109EDFC1E52DBAE000E384A /* Easy Button.png */ = {isa = PBXFileReference; lastKnownFileType = image.png; path = "Easy Button.png"; sourceTree = "<group>"; };
		E109EDFD1E52DBAE000E384A /* Hard Button.png */ = {isa = PBXFileReference; lastKnownFileType = image.png; path = "Hard Button.png"; sourceTree = "<group>"; };
		E109EDFE1E52DBAE000E384A /* Medium Button.png */ = {isa = PBXFileReference; lastKnownFileType = image.png; path = "Medium Button.png"; sourceTree = "<group>"; };
		E109EE001E52DBAE000E384A /* Highscore Button.png */ = {isa = PBXFileReference; lastKnownFileType = image.png; path = "Highscore Button.png"; sourceTree = "<group>"; };
		E109EE011E52DBAE000E384A /* Music Off Button.png */ = {isa = PBXFileReference; lastKnownFileType = image.png; path = "Music Off Button.png"; sourceTree = "<group>"; };
		E109EE021E52DBAE000E384A /* Music On Button.png */ = {isa = PBXFileReference; lastKnownFileType = image.png; path = "Music On Button.png"; sourceTree = "<group>"; };
		E109EE031E52DBAE000E384A /* Options Button.png */ = {isa = PBXFileReference; lastKnownFileType = image.png; path = "Options Button.png"; sourceTree = "<group>"; };
		E109EE041E52DBAE000E384A /* Quit Button.png */ = {isa = PBXFileReference; lastKnownFileType = image.png; path = "Quit Button.png"; sourceTree = "<group>"; };
		E109EE051E52DBAE000E384A /* Start Game Button.png */ = {isa = PBXFileReference; lastKnownFileType = image.png; path = "Start Game Button.png"; sourceTree = "<group>"; };
		E109EE301E52DEB0000E384A /* Player.atlas */ = {isa = PBXFileReference; lastKnownFileType = folder.skatlas; path = Player.atlas; sourceTree = "<group>"; };
		E11BDE191F0CEFB600427132 /* GameplayController.swift */ = {isa = PBXFileReference; fileEncoding = 4; lastKnownFileType = sourcecode.swift; path = GameplayController.swift; sourceTree = "<group>"; };
		E11BDE1B1F0CF43300427132 /* GameManager.swift */ = {isa = PBXFileReference; fileEncoding = 4; lastKnownFileType = sourcecode.swift; path = GameManager.swift; sourceTree = "<group>"; };
		E11BDE1D1F0D9EBD00427132 /* CollectableController.swift */ = {isa = PBXFileReference; fileEncoding = 4; lastKnownFileType = sourcecode.swift; path = CollectableController.swift; sourceTree = "<group>"; };
		E149A53D1F038F4400CF8FA1 /* MainMenuScene.sks */ = {isa = PBXFileReference; lastKnownFileType = file.sks; path = MainMenuScene.sks; sourceTree = "<group>"; };
		E149A53F1F03B54A00CF8FA1 /* MainMenuScene.swift */ = {isa = PBXFileReference; fileEncoding = 4; lastKnownFileType = sourcecode.swift; path = MainMenuScene.swift; sourceTree = "<group>"; };
		E149A5421F03B97E00CF8FA1 /* HighScoreScene.sks */ = {isa = PBXFileReference; lastKnownFileType = file.sks; path = HighScoreScene.sks; sourceTree = "<group>"; };
		E149A5441F03BC9F00CF8FA1 /* OptionScene.sks */ = {isa = PBXFileReference; lastKnownFileType = file.sks; path = OptionScene.sks; sourceTree = "<group>"; };
		E149A5461F045F4D00CF8FA1 /* HighScoreScene.swift */ = {isa = PBXFileReference; fileEncoding = 4; lastKnownFileType = sourcecode.swift; path = HighScoreScene.swift; sourceTree = "<group>"; };
		E149A5481F045F7D00CF8FA1 /* OptionScene.swift */ = {isa = PBXFileReference; fileEncoding = 4; lastKnownFileType = sourcecode.swift; path = OptionScene.swift; sourceTree = "<group>"; };
		E14F93701F17642800942EE6 /* GameData.swift */ = {isa = PBXFileReference; fileEncoding = 4; lastKnownFileType = sourcecode.swift; path = GameData.swift; sourceTree = "<group>"; };
		E1C568B01E65551D005E332A /* Background.swift */ = {isa = PBXFileReference; fileEncoding = 4; lastKnownFileType = sourcecode.swift; path = Background.swift; sourceTree = "<group>"; };
		E1C568B21E655AB1005E332A /* CloudController.swift */ = {isa = PBXFileReference; fileEncoding = 4; lastKnownFileType = sourcecode.swift; path = CloudController.swift; sourceTree = "<group>"; };
/* End PBXFileReference section */

/* Begin PBXFrameworksBuildPhase section */
		E109ECF71E519181000E384A /* Frameworks */ = {
			isa = PBXFrameworksBuildPhase;
			buildActionMask = 2147483647;
			files = (
			);
			runOnlyForDeploymentPostprocessing = 0;
		};
/* End PBXFrameworksBuildPhase section */

/* Begin PBXGroup section */
		E109ECF11E519181000E384A = {
			isa = PBXGroup;
			children = (
				E109ECFC1E519181000E384A /* Jack The Giant */,
				E109EDCA1E525EB4000E384A /* Game */,
				E109ED151E5191BD000E384A /* Assets */,
				E109ECFB1E519181000E384A /* Products */,
			);
			sourceTree = "<group>";
		};
		E109ECFB1E519181000E384A /* Products */ = {
			isa = PBXGroup;
			children = (
				E109ECFA1E519181000E384A /* Jack The Giant.app */,
			);
			name = Products;
			sourceTree = "<group>";
		};
		E109ECFC1E519181000E384A /* Jack The Giant */ = {
			isa = PBXGroup;
			children = (
				E109ECFD1E519181000E384A /* AppDelegate.swift */,
				E109ED011E519181000E384A /* Actions.sks */,
				E109ED071E519181000E384A /* Main.storyboard */,
				E109ED0A1E519181000E384A /* Assets.xcassets */,
				E109ED0C1E519181000E384A /* LaunchScreen.storyboard */,
				E109ED0F1E519181000E384A /* Info.plist */,
			);
			path = "Jack The Giant";
			sourceTree = "<group>";
		};
		E109ED151E5191BD000E384A /* Assets */ = {
			isa = PBXGroup;
			children = (
				E109EE301E52DEB0000E384A /* Player.atlas */,
				E109EDD11E52DBAE000E384A /* 1 - Pause Panel And Buttons */,
				E109EDD61E52DBAE000E384A /* 2 - Collectables */,
				E109EDDA1E52DBAE000E384A /* 3 - Player */,
				E109EDE31E52DBAE000E384A /* 4 - Clouds */,
				E109EDE81E52DBAE000E384A /* 5 - Fonts */,
				E109EDEA1E52DBAE000E384A /* 6 - Music */,
				E109EDEF1E52DBAE000E384A /* 7 - Backgrounds */,
				E109EDF41E52DBAE000E384A /* 8 - Buttons */,
			);
			name = Assets;
			sourceTree = "<group>";
		};
		E109EDCA1E525EB4000E384A /* Game */ = {
			isa = PBXGroup;
			children = (
				E14F93721F1CCEF900942EE6 /* Manager */,
				E14F936F1F17641700942EE6 /* Data */,
				E11BDE181F0CEF9000427132 /* Controller */,
				E149A5411F03B77200CF8FA1 /* Scene */,
				E14F936E1F1763D400942EE6 /* Sprite */,
			);
			name = Game;
			sourceTree = "<group>";
		};
		E109EDD11E52DBAE000E384A /* 1 - Pause Panel And Buttons */ = {
			isa = PBXGroup;
			children = (
				E109EDD21E52DBAE000E384A /* Pause Menu.png */,
				E109EDD31E52DBAE000E384A /* Quit Button 2.png */,
				E109EDD41E52DBAE000E384A /* Resume Button.png */,
				E109EDD51E52DBAE000E384A /* Show Score.png */,
			);
			path = "1 - Pause Panel And Buttons";
			sourceTree = "<group>";
		};
		E109EDD61E52DBAE000E384A /* 2 - Collectables */ = {
			isa = PBXGroup;
			children = (
				E109EDD71E52DBAE000E384A /* Coin.png */,
				E109EDD81E52DBAE000E384A /* Life.png */,
				E109EDD91E52DBAE000E384A /* Player.atlas */,
			);
			path = "2 - Collectables";
			sourceTree = "<group>";
		};
		E109EDDA1E52DBAE000E384A /* 3 - Player */ = {
			isa = PBXGroup;
			children = (
				E109EDDB1E52DBAE000E384A /* Player 1.png */,
				E109EDDC1E52DBAE000E384A /* Player 2.png */,
				E109EDDD1E52DBAE000E384A /* Player 3.png */,
				E109EDDE1E52DBAE000E384A /* Player 4.png */,
				E109EDDF1E52DBAE000E384A /* Player 5.png */,
				E109EDE01E52DBAE000E384A /* Player 6.png */,
				E109EDE11E52DBAE000E384A /* Player 7.png */,
				E109EDE21E52DBAE000E384A /* Player 8.png */,
			);
			path = "3 - Player";
			sourceTree = "<group>";
		};
		E109EDE31E52DBAE000E384A /* 4 - Clouds */ = {
			isa = PBXGroup;
			children = (
				E109EDE41E52DBAE000E384A /* Cloud 1.png */,
				E109EDE51E52DBAE000E384A /* Cloud 2.png */,
				E109EDE61E52DBAE000E384A /* Cloud 3.png */,
				E109EDE71E52DBAE000E384A /* Dark Cloud.png */,
			);
			path = "4 - Clouds";
			sourceTree = "<group>";
		};
		E109EDE81E52DBAE000E384A /* 5 - Fonts */ = {
			isa = PBXGroup;
			children = (
				E109EDE91E52DBAE000E384A /* blow.ttf */,
			);
			path = "5 - Fonts";
			sourceTree = "<group>";
		};
		E109EDEA1E52DBAE000E384A /* 6 - Music */ = {
			isa = PBXGroup;
			children = (
				E109EDEB1E52DBAE000E384A /* Background music.mp3 */,
				E109EDEC1E52DBAE000E384A /* Click Sound.wav */,
				E109EDED1E52DBAE000E384A /* Coin Sound.wav */,
				E109EDEE1E52DBAE000E384A /* Life Sound.wav */,
			);
			path = "6 - Music";
			sourceTree = "<group>";
		};
		E109EDEF1E52DBAE000E384A /* 7 - Backgrounds */ = {
			isa = PBXGroup;
			children = (
				E109EDF01E52DBAE000E384A /* Game BG.png */,
				E109EDF11E52DBAE000E384A /* Highscore BG.png */,
				E109EDF21E52DBAE000E384A /* Menu BG.png */,
				E109EDF31E52DBAE000E384A /* Options BG.png */,
			);
			path = "7 - Backgrounds";
			sourceTree = "<group>";
		};
		E109EDF41E52DBAE000E384A /* 8 - Buttons */ = {
			isa = PBXGroup;
			children = (
				E109EDF51E52DBAE000E384A /* 1 - Gameplay Buttons */,
				E109EDF91E52DBAE000E384A /* 2 - Options Buttons */,
				E109EDFF1E52DBAE000E384A /* 3 - Main Menu Buttons */,
			);
			path = "8 - Buttons";
			sourceTree = "<group>";
		};
		E109EDF51E52DBAE000E384A /* 1 - Gameplay Buttons */ = {
			isa = PBXGroup;
			children = (
				E109EDF61E52DBAE000E384A /* Pause Button.png */,
				E109EDF71E52DBAE000E384A /* Ready.png */,
				E109EDF81E52DBAE000E384A /* Score.png */,
			);
			path = "1 - Gameplay Buttons";
			sourceTree = "<group>";
		};
		E109EDF91E52DBAE000E384A /* 2 - Options Buttons */ = {
			isa = PBXGroup;
			children = (
				E109EDFA1E52DBAE000E384A /* Back Button.png */,
				E109EDFB1E52DBAE000E384A /* Check Sign.png */,
				E109EDFC1E52DBAE000E384A /* Easy Button.png */,
				E109EDFD1E52DBAE000E384A /* Hard Button.png */,
				E109EDFE1E52DBAE000E384A /* Medium Button.png */,
			);
			path = "2 - Options Buttons";
			sourceTree = "<group>";
		};
		E109EDFF1E52DBAE000E384A /* 3 - Main Menu Buttons */ = {
			isa = PBXGroup;
			children = (
				E109EE001E52DBAE000E384A /* Highscore Button.png */,
				E109EE011E52DBAE000E384A /* Music Off Button.png */,
				E109EE021E52DBAE000E384A /* Music On Button.png */,
				E109EE031E52DBAE000E384A /* Options Button.png */,
				E109EE041E52DBAE000E384A /* Quit Button.png */,
				E109EE051E52DBAE000E384A /* Start Game Button.png */,
			);
			path = "3 - Main Menu Buttons";
			sourceTree = "<group>";
		};
		E11BDE181F0CEF9000427132 /* Controller */ = {
			isa = PBXGroup;
			children = (
				E1C568B21E655AB1005E332A /* CloudController.swift */,
				E109ED051E519181000E384A /* GameViewController.swift */,
				E11BDE191F0CEFB600427132 /* GameplayController.swift */,
				E11BDE1D1F0D9EBD00427132 /* CollectableController.swift */,
			);
			name = Controller;
			sourceTree = "<group>";
		};
		E149A5411F03B77200CF8FA1 /* Scene */ = {
			isa = PBXGroup;
			children = (
				E109EDC81E525B1E000E384A /* GameplayScene.sks */,
				E109EDCC1E525F5D000E384A /* GameplayScene.swift */,
				E149A53D1F038F4400CF8FA1 /* MainMenuScene.sks */,
				E149A53F1F03B54A00CF8FA1 /* MainMenuScene.swift */,
				E149A5421F03B97E00CF8FA1 /* HighScoreScene.sks */,
				E149A5461F045F4D00CF8FA1 /* HighScoreScene.swift */,
				E149A5441F03BC9F00CF8FA1 /* OptionScene.sks */,
				E149A5481F045F7D00CF8FA1 /* OptionScene.swift */,
			);
			name = Scene;
			sourceTree = "<group>";
		};
		E14F936E1F1763D400942EE6 /* Sprite */ = {
			isa = PBXGroup;
			children = (
				E1C568B01E65551D005E332A /* Background.swift */,
				E109EDCF1E52D68C000E384A /* Player.swift */,
			);
			name = Sprite;
			sourceTree = "<group>";
		};
		E14F936F1F17641700942EE6 /* Data */ = {
			isa = PBXGroup;
			children = (
				E14F93701F17642800942EE6 /* GameData.swift */,
			);
			name = Data;
			sourceTree = "<group>";
		};
		E14F93721F1CCEF900942EE6 /* Manager */ = {
			isa = PBXGroup;
			children = (
				E11BDE1B1F0CF43300427132 /* GameManager.swift */,
			);
			name = Manager;
			sourceTree = "<group>";
		};
/* End PBXGroup section */

/* Begin PBXNativeTarget section */
		E109ECF91E519181000E384A /* Jack The Giant */ = {
			isa = PBXNativeTarget;
			buildConfigurationList = E109ED121E519181000E384A /* Build configuration list for PBXNativeTarget "Jack The Giant" */;
			buildPhases = (
				E109ECF61E519181000E384A /* Sources */,
				E109ECF71E519181000E384A /* Frameworks */,
				E109ECF81E519181000E384A /* Resources */,
			);
			buildRules = (
			);
			dependencies = (
			);
			name = "Jack The Giant";
			productName = "Jack The Giant";
			productReference = E109ECFA1E519181000E384A /* Jack The Giant.app */;
			productType = "com.apple.product-type.application";
		};
/* End PBXNativeTarget section */

/* Begin PBXProject section */
		E109ECF21E519181000E384A /* Project object */ = {
			isa = PBXProject;
			attributes = {
				LastSwiftUpdateCheck = 0820;
				LastUpgradeCheck = 0820;
				ORGANIZATIONNAME = "Plastik Apps";
				TargetAttributes = {
					E109ECF91E519181000E384A = {
						CreatedOnToolsVersion = 8.2.1;
						DevelopmentTeam = 33XHRJ469F;
						ProvisioningStyle = Manual;
					};
				};
			};
			buildConfigurationList = E109ECF51E519181000E384A /* Build configuration list for PBXProject "Jack The Giant" */;
			compatibilityVersion = "Xcode 3.2";
			developmentRegion = English;
			hasScannedForEncodings = 0;
			knownRegions = (
				en,
				Base,
			);
			mainGroup = E109ECF11E519181000E384A;
			productRefGroup = E109ECFB1E519181000E384A /* Products */;
			projectDirPath = "";
			projectRoot = "";
			targets = (
				E109ECF91E519181000E384A /* Jack The Giant */,
			);
		};
/* End PBXProject section */

/* Begin PBXResourcesBuildPhase section */
		E109ECF81E519181000E384A /* Resources */ = {
			isa = PBXResourcesBuildPhase;
			buildActionMask = 2147483647;
			files = (
				E109EE121E52DBAE000E384A /* Player 6.png in Resources */,
				E109EE081E52DBAE000E384A /* Resume Button.png in Resources */,
				E109EDC91E525B1E000E384A /* GameplayScene.sks in Resources */,
				E109EE161E52DBAE000E384A /* Cloud 2.png in Resources */,
				E109EE0E1E52DBAE000E384A /* Player 2.png in Resources */,
				E109ED091E519181000E384A /* Main.storyboard in Resources */,
				E109EE0B1E52DBAE000E384A /* Life.png in Resources */,
				E109EE0A1E52DBAE000E384A /* Coin.png in Resources */,
				E109EE221E52DBAE000E384A /* Pause Button.png in Resources */,
				E109EE1F1E52DBAE000E384A /* Highscore BG.png in Resources */,
				E109EE131E52DBAE000E384A /* Player 7.png in Resources */,
				E109EE251E52DBAE000E384A /* Back Button.png in Resources */,
				E109EE061E52DBAE000E384A /* Pause Menu.png in Resources */,
				E109EE261E52DBAE000E384A /* Check Sign.png in Resources */,
				E109EE2B1E52DBAE000E384A /* Music Off Button.png in Resources */,
				E109EE151E52DBAE000E384A /* Cloud 1.png in Resources */,
				E109ED0B1E519181000E384A /* Assets.xcassets in Resources */,
				E109EE071E52DBAE000E384A /* Quit Button 2.png in Resources */,
				E109EE181E52DBAE000E384A /* Dark Cloud.png in Resources */,
				E109EE231E52DBAE000E384A /* Ready.png in Resources */,
				E109EE1E1E52DBAE000E384A /* Game BG.png in Resources */,
				E109ED0E1E519181000E384A /* LaunchScreen.storyboard in Resources */,
				E109EE0C1E52DBAE000E384A /* Player.atlas in Resources */,
				E109EE2A1E52DBAE000E384A /* Highscore Button.png in Resources */,
				E109EE171E52DBAE000E384A /* Cloud 3.png in Resources */,
				E149A5431F03B97E00CF8FA1 /* HighScoreScene.sks in Resources */,
				E109EE311E52DEB0000E384A /* Player.atlas in Resources */,
				E149A53E1F038F4400CF8FA1 /* MainMenuScene.sks in Resources */,
				E109EE2C1E52DBAE000E384A /* Music On Button.png in Resources */,
				E109EE2D1E52DBAE000E384A /* Options Button.png in Resources */,
				E109EE2F1E52DBAE000E384A /* Start Game Button.png in Resources */,
				E109EE201E52DBAE000E384A /* Menu BG.png in Resources */,
				E109EE191E52DBAE000E384A /* blow.ttf in Resources */,
				E109EE281E52DBAE000E384A /* Hard Button.png in Resources */,
				E109EE2E1E52DBAE000E384A /* Quit Button.png in Resources */,
				E109EE091E52DBAE000E384A /* Show Score.png in Resources */,
				E109ED021E519181000E384A /* Actions.sks in Resources */,
				E109EE1D1E52DBAE000E384A /* Life Sound.wav in Resources */,
				E109EE1A1E52DBAE000E384A /* Background music.mp3 in Resources */,
				E109EE0D1E52DBAE000E384A /* Player 1.png in Resources */,
				E109EE101E52DBAE000E384A /* Player 4.png in Resources */,
				E149A5451F03BC9F00CF8FA1 /* OptionScene.sks in Resources */,
				E109EE271E52DBAE000E384A /* Easy Button.png in Resources */,
				E109EE0F1E52DBAE000E384A /* Player 3.png in Resources */,
				E109EE241E52DBAE000E384A /* Score.png in Resources */,
				E109EE111E52DBAE000E384A /* Player 5.png in Resources */,
				E109EE291E52DBAE000E384A /* Medium Button.png in Resources */,
				E109EE211E52DBAE000E384A /* Options BG.png in Resources */,
				E109EE1B1E52DBAE000E384A /* Click Sound.wav in Resources */,
				E109EE141E52DBAE000E384A /* Player 8.png in Resources */,
				E109EE1C1E52DBAE000E384A /* Coin Sound.wav in Resources */,
			);
			runOnlyForDeploymentPostprocessing = 0;
		};
/* End PBXResourcesBuildPhase section */

/* Begin PBXSourcesBuildPhase section */
		E109ECF61E519181000E384A /* Sources */ = {
			isa = PBXSourcesBuildPhase;
			buildActionMask = 2147483647;
			files = (
				E109EDCD1E525F5D000E384A /* GameplayScene.swift in Sources */,
				E149A5471F045F4D00CF8FA1 /* HighScoreScene.swift in Sources */,
				E1C568B31E655AB1005E332A /* CloudController.swift in Sources */,
				E11BDE1C1F0CF43300427132 /* GameManager.swift in Sources */,
				E14F93711F17642800942EE6 /* GameData.swift in Sources */,
				E109ED061E519181000E384A /* GameViewController.swift in Sources */,
				E149A5491F045F7D00CF8FA1 /* OptionScene.swift in Sources */,
				E109EDD01E52D68C000E384A /* Player.swift in Sources */,
				E109ECFE1E519181000E384A /* AppDelegate.swift in Sources */,
				E11BDE1E1F0D9EBD00427132 /* CollectableController.swift in Sources */,
				E11BDE1A1F0CEFB600427132 /* GameplayController.swift in Sources */,
				E149A5401F03B54A00CF8FA1 /* MainMenuScene.swift in Sources */,
				E1C568B11E65551D005E332A /* Background.swift in Sources */,
			);
			runOnlyForDeploymentPostprocessing = 0;
		};
/* End PBXSourcesBuildPhase section */

/* Begin PBXVariantGroup section */
		E109ED071E519181000E384A /* Main.storyboard */ = {
			isa = PBXVariantGroup;
			children = (
				E109ED081E519181000E384A /* Base */,
			);
			name = Main.storyboard;
			sourceTree = "<group>";
		};
		E109ED0C1E519181000E384A /* LaunchScreen.storyboard */ = {
			isa = PBXVariantGroup;
			children = (
				E109ED0D1E519181000E384A /* Base */,
			);
			name = LaunchScreen.storyboard;
			sourceTree = "<group>";
		};
/* End PBXVariantGroup section */

/* Begin XCBuildConfiguration section */
		E109ED101E519181000E384A /* Debug */ = {
			isa = XCBuildConfiguration;
			buildSettings = {
				ALWAYS_SEARCH_USER_PATHS = NO;
				CLANG_ANALYZER_NONNULL = YES;
				CLANG_CXX_LANGUAGE_STANDARD = "gnu++0x";
				CLANG_CXX_LIBRARY = "libc++";
				CLANG_ENABLE_MODULES = YES;
				CLANG_ENABLE_OBJC_ARC = YES;
				CLANG_WARN_BOOL_CONVERSION = YES;
				CLANG_WARN_CONSTANT_CONVERSION = YES;
				CLANG_WARN_DIRECT_OBJC_ISA_USAGE = YES_ERROR;
				CLANG_WARN_DOCUMENTATION_COMMENTS = YES;
				CLANG_WARN_EMPTY_BODY = YES;
				CLANG_WARN_ENUM_CONVERSION = YES;
				CLANG_WARN_INFINITE_RECURSION = YES;
				CLANG_WARN_INT_CONVERSION = YES;
				CLANG_WARN_OBJC_ROOT_CLASS = YES_ERROR;
				CLANG_WARN_SUSPICIOUS_MOVE = YES;
				CLANG_WARN_UNREACHABLE_CODE = YES;
				CLANG_WARN__DUPLICATE_METHOD_MATCH = YES;
				"CODE_SIGN_IDENTITY[sdk=iphoneos*]" = "iPhone Developer";
				COPY_PHASE_STRIP = NO;
				DEBUG_INFORMATION_FORMAT = dwarf;
				ENABLE_STRICT_OBJC_MSGSEND = YES;
				ENABLE_TESTABILITY = YES;
				GCC_C_LANGUAGE_STANDARD = gnu99;
				GCC_DYNAMIC_NO_PIC = NO;
				GCC_NO_COMMON_BLOCKS = YES;
				GCC_OPTIMIZATION_LEVEL = 0;
				GCC_PREPROCESSOR_DEFINITIONS = (
					"DEBUG=1",
					"$(inherited)",
				);
				GCC_WARN_64_TO_32_BIT_CONVERSION = YES;
				GCC_WARN_ABOUT_RETURN_TYPE = YES_ERROR;
				GCC_WARN_UNDECLARED_SELECTOR = YES;
				GCC_WARN_UNINITIALIZED_AUTOS = YES_AGGRESSIVE;
				GCC_WARN_UNUSED_FUNCTION = YES;
				GCC_WARN_UNUSED_VARIABLE = YES;
				IPHONEOS_DEPLOYMENT_TARGET = 10.2;
				MTL_ENABLE_DEBUG_INFO = YES;
				ONLY_ACTIVE_ARCH = YES;
				SDKROOT = iphoneos;
				SWIFT_ACTIVE_COMPILATION_CONDITIONS = DEBUG;
				SWIFT_OPTIMIZATION_LEVEL = "-Onone";
			};
			name = Debug;
		};
		E109ED111E519181000E384A /* Release */ = {
			isa = XCBuildConfiguration;
			buildSettings = {
				ALWAYS_SEARCH_USER_PATHS = NO;
				CLANG_ANALYZER_NONNULL = YES;
				CLANG_CXX_LANGUAGE_STANDARD = "gnu++0x";
				CLANG_CXX_LIBRARY = "libc++";
				CLANG_ENABLE_MODULES = YES;
				CLANG_ENABLE_OBJC_ARC = YES;
				CLANG_WARN_BOOL_CONVERSION = YES;
				CLANG_WARN_CONSTANT_CONVERSION = YES;
				CLANG_WARN_DIRECT_OBJC_ISA_USAGE = YES_ERROR;
				CLANG_WARN_DOCUMENTATION_COMMENTS = YES;
				CLANG_WARN_EMPTY_BODY = YES;
				CLANG_WARN_ENUM_CONVERSION = YES;
				CLANG_WARN_INFINITE_RECURSION = YES;
				CLANG_WARN_INT_CONVERSION = YES;
				CLANG_WARN_OBJC_ROOT_CLASS = YES_ERROR;
				CLANG_WARN_SUSPICIOUS_MOVE = YES;
				CLANG_WARN_UNREACHABLE_CODE = YES;
				CLANG_WARN__DUPLICATE_METHOD_MATCH = YES;
				"CODE_SIGN_IDENTITY[sdk=iphoneos*]" = "iPhone Developer";
				COPY_PHASE_STRIP = NO;
				DEBUG_INFORMATION_FORMAT = "dwarf-with-dsym";
				ENABLE_NS_ASSERTIONS = NO;
				ENABLE_STRICT_OBJC_MSGSEND = YES;
				GCC_C_LANGUAGE_STANDARD = gnu99;
				GCC_NO_COMMON_BLOCKS = YES;
				GCC_WARN_64_TO_32_BIT_CONVERSION = YES;
				GCC_WARN_ABOUT_RETURN_TYPE = YES_ERROR;
				GCC_WARN_UNDECLARED_SELECTOR = YES;
				GCC_WARN_UNINITIALIZED_AUTOS = YES_AGGRESSIVE;
				GCC_WARN_UNUSED_FUNCTION = YES;
				GCC_WARN_UNUSED_VARIABLE = YES;
				IPHONEOS_DEPLOYMENT_TARGET = 10.2;
				MTL_ENABLE_DEBUG_INFO = NO;
				SDKROOT = iphoneos;
				SWIFT_OPTIMIZATION_LEVEL = "-Owholemodule";
				VALIDATE_PRODUCT = YES;
			};
			name = Release;
		};
		E109ED131E519181000E384A /* Debug */ = {
			isa = XCBuildConfiguration;
			buildSettings = {
				ASSETCATALOG_COMPILER_APPICON_NAME = AppIcon;
				"CODE_SIGN_IDENTITY[sdk=iphoneos*]" = "iPhone Developer";
				COMPRESS_PNG_FILES = YES;
				DEVELOPMENT_TEAM = 33XHRJ469F;
				INFOPLIST_FILE = "Jack The Giant/Info.plist";
				IPHONEOS_DEPLOYMENT_TARGET = 10.3;
				LD_RUNPATH_SEARCH_PATHS = "$(inherited) @executable_path/Frameworks";
				PRODUCT_BUNDLE_IDENTIFIER = "com.plastikapps.Jack-The-Giant";
				PRODUCT_NAME = "$(TARGET_NAME)";
				PROVISIONING_PROFILE = "cd487961-626f-4c4d-ac7f-c0d2e6f34ec4";
				PROVISIONING_PROFILE_SPECIFIER = iOS.Dev.Profile;
				SWIFT_VERSION = 3.0;
			};
			name = Debug;
		};
		E109ED141E519181000E384A /* Release */ = {
			isa = XCBuildConfiguration;
			buildSettings = {
				ASSETCATALOG_COMPILER_APPICON_NAME = AppIcon;
				COMPRESS_PNG_FILES = YES;
				DEVELOPMENT_TEAM = 33XHRJ469F;
				INFOPLIST_FILE = "Jack The Giant/Info.plist";
				IPHONEOS_DEPLOYMENT_TARGET = 10.3;
				LD_RUNPATH_SEARCH_PATHS = "$(inherited) @executable_path/Frameworks";
				PRODUCT_BUNDLE_IDENTIFIER = "com.plastikapps.Jack-The-Giant";
				PRODUCT_NAME = "$(TARGET_NAME)";
				PROVISIONING_PROFILE = "cd487961-626f-4c4d-ac7f-c0d2e6f34ec4";
				PROVISIONING_PROFILE_SPECIFIER = iOS.Dev.Profile;
				SWIFT_VERSION = 3.0;
			};
			name = Release;
		};
/* End XCBuildConfiguration section */

/* Begin XCConfigurationList section */
		E109ECF51E519181000E384A /* Build configuration list for PBXProject "Jack The Giant" */ = {
			isa = XCConfigurationList;
			buildConfigurations = (
				E109ED101E519181000E384A /* Debug */,
				E109ED111E519181000E384A /* Release */,
			);
			defaultConfigurationIsVisible = 0;
			defaultConfigurationName = Release;
		};
		E109ED121E519181000E384A /* Build configuration list for PBXNativeTarget "Jack The Giant" */ = {
			isa = XCConfigurationList;
			buildConfigurations = (
				E109ED131E519181000E384A /* Debug */,
				E109ED141E519181000E384A /* Release */,
			);
			defaultConfigurationIsVisible = 0;
			defaultConfigurationName = Release;
		};
/* End XCConfigurationList section */
	};
	rootObject = E109ECF21E519181000E384A /* Project object */;
}
